{
  "name": "veve",
  "version": "1.0.0",
  "lockfileVersion": 2,
  "requires": true,
  "packages": {
    "": {
      "name": "veve",
      "version": "1.0.0",
      "hasInstallScript": true,
      "license": "ISC",
      "dependencies": {
        "@swc/core": "^1.7.39",
        "@types/node": "^22.7.9",
        "dotenv": "^16.4.5"
      },
      "bin": {
        "veve": "bin/index.js"
      },
      "devDependencies": {
        "typescript": "^5.6.3"
      }
    },
    "node_modules/@swc/core": {
      "version": "1.7.39",
      "resolved": "https://registry.npmjs.org/@swc/core/-/core-1.7.39.tgz",
      "integrity": "sha512-jns6VFeOT49uoTKLWIEfiQqJAlyqldNAt80kAr8f7a5YjX0zgnG3RBiLMpksx4Ka4SlK4O6TJ/lumIM3Trp82g==",
      "hasInstallScript": true,
      "license": "Apache-2.0",
      "dependencies": {
        "@swc/counter": "^0.1.3",
        "@swc/types": "^0.1.13"
      },
      "engines": {
        "node": ">=10"
      },
      "funding": {
        "type": "opencollective",
        "url": "https://opencollective.com/swc"
      },
      "optionalDependencies": {
        "@swc/core-darwin-arm64": "1.7.39",
        "@swc/core-darwin-x64": "1.7.39",
        "@swc/core-linux-arm-gnueabihf": "1.7.39",
        "@swc/core-linux-arm64-gnu": "1.7.39",
        "@swc/core-linux-arm64-musl": "1.7.39",
        "@swc/core-linux-x64-gnu": "1.7.39",
        "@swc/core-linux-x64-musl": "1.7.39",
        "@swc/core-win32-arm64-msvc": "1.7.39",
        "@swc/core-win32-ia32-msvc": "1.7.39",
        "@swc/core-win32-x64-msvc": "1.7.39"
      },
      "peerDependencies": {
        "@swc/helpers": "*"
      },
      "peerDependenciesMeta": {
        "@swc/helpers": {
          "optional": true
        }
      }
    },
    "node_modules/@swc/core-darwin-arm64": {
      "version": "1.7.39",
      "resolved": "https://registry.npmjs.org/@swc/core-darwin-arm64/-/core-darwin-arm64-1.7.39.tgz",
      "integrity": "sha512-o2nbEL6scMBMCTvY9OnbyVXtepLuNbdblV9oNJEFia5v5eGj9WMrnRQiylH3Wp/G2NYkW7V1/ZVW+kfvIeYe9A==",
      "cpu": [
        "arm64"
      ],
      "license": "Apache-2.0 AND MIT",
      "optional": true,
      "os": [
        "darwin"
      ],
      "engines": {
        "node": ">=10"
      }
    },
    "node_modules/@swc/core-darwin-x64": {
      "version": "1.7.39",
      "resolved": "https://registry.npmjs.org/@swc/core-darwin-x64/-/core-darwin-x64-1.7.39.tgz",
      "integrity": "sha512-qMlv3XPgtPi/Fe11VhiPDHSLiYYk2dFYl747oGsHZPq+6tIdDQjIhijXPcsUHIXYDyG7lNpODPL8cP/X1sc9MA==",
      "cpu": [
        "x64"
      ],
      "license": "Apache-2.0 AND MIT",
      "optional": true,
      "os": [
        "darwin"
      ],
      "engines": {
        "node": ">=10"
      }
    },
    "node_modules/@swc/core-linux-arm-gnueabihf": {
      "version": "1.7.39",
      "resolved": "https://registry.npmjs.org/@swc/core-linux-arm-gnueabihf/-/core-linux-arm-gnueabihf-1.7.39.tgz",
      "integrity": "sha512-NP+JIkBs1ZKnpa3Lk2W1kBJMwHfNOxCUJXuTa2ckjFsuZ8OUu2gwdeLFkTHbR43dxGwH5UzSmuGocXeMowra/Q==",
      "cpu": [
        "arm"
      ],
      "license": "Apache-2.0",
      "optional": true,
      "os": [
        "linux"
      ],
      "engines": {
        "node": ">=10"
      }
    },
    "node_modules/@swc/core-linux-arm64-gnu": {
      "version": "1.7.39",
      "resolved": "https://registry.npmjs.org/@swc/core-linux-arm64-gnu/-/core-linux-arm64-gnu-1.7.39.tgz",
      "integrity": "sha512-cPc+/HehyHyHcvAsk3ML/9wYcpWVIWax3YBaA+ScecJpSE04l/oBHPfdqKUPslqZ+Gcw0OWnIBGJT/fBZW2ayw==",
      "cpu": [
        "arm64"
      ],
      "license": "Apache-2.0 AND MIT",
      "optional": true,
      "os": [
        "linux"
      ],
      "engines": {
        "node": ">=10"
      }
    },
    "node_modules/@swc/core-linux-arm64-musl": {
      "version": "1.7.39",
      "resolved": "https://registry.npmjs.org/@swc/core-linux-arm64-musl/-/core-linux-arm64-musl-1.7.39.tgz",
      "integrity": "sha512-8RxgBC6ubFem66bk9XJ0vclu3exJ6eD7x7CwDhp5AD/tulZslTYXM7oNPjEtje3xxabXuj/bEUMNvHZhQRFdqA==",
      "cpu": [
        "arm64"
      ],
      "license": "Apache-2.0 AND MIT",
      "optional": true,
      "os": [
        "linux"
      ],
      "engines": {
        "node": ">=10"
      }
    },
    "node_modules/@swc/core-linux-x64-gnu": {
      "version": "1.7.39",
      "resolved": "https://registry.npmjs.org/@swc/core-linux-x64-gnu/-/core-linux-x64-gnu-1.7.39.tgz",
      "integrity": "sha512-3gtCPEJuXLQEolo9xsXtuPDocmXQx12vewEyFFSMSjOfakuPOBmOQMa0sVL8Wwius8C1eZVeD1fgk0omMqeC+Q==",
      "cpu": [
        "x64"
      ],
      "license": "Apache-2.0 AND MIT",
      "optional": true,
      "os": [
        "linux"
      ],
      "engines": {
        "node": ">=10"
      }
    },
    "node_modules/@swc/core-linux-x64-musl": {
      "version": "1.7.39",
      "resolved": "https://registry.npmjs.org/@swc/core-linux-x64-musl/-/core-linux-x64-musl-1.7.39.tgz",
      "integrity": "sha512-mg39pW5x/eqqpZDdtjZJxrUvQNSvJF4O8wCl37fbuFUqOtXs4TxsjZ0aolt876HXxxhsQl7rS+N4KioEMSgTZw==",
      "cpu": [
        "x64"
      ],
      "license": "Apache-2.0 AND MIT",
      "optional": true,
      "os": [
        "linux"
      ],
      "engines": {
        "node": ">=10"
      }
    },
    "node_modules/@swc/core-win32-arm64-msvc": {
      "version": "1.7.39",
      "resolved": "https://registry.npmjs.org/@swc/core-win32-arm64-msvc/-/core-win32-arm64-msvc-1.7.39.tgz",
      "integrity": "sha512-NZwuS0mNJowH3e9bMttr7B1fB8bW5svW/yyySigv9qmV5VcQRNz1kMlCvrCLYRsa93JnARuiaBI6FazSeG8mpA==",
      "cpu": [
        "arm64"
      ],
      "license": "Apache-2.0 AND MIT",
      "optional": true,
      "os": [
        "win32"
      ],
      "engines": {
        "node": ">=10"
      }
    },
    "node_modules/@swc/core-win32-ia32-msvc": {
      "version": "1.7.39",
      "resolved": "https://registry.npmjs.org/@swc/core-win32-ia32-msvc/-/core-win32-ia32-msvc-1.7.39.tgz",
      "integrity": "sha512-qFmvv5UExbJPXhhvCVDBnjK5Duqxr048dlVB6ZCgGzbRxuarOlawCzzLK4N172230pzlAWGLgn9CWl3+N6zfHA==",
      "cpu": [
        "ia32"
      ],
      "license": "Apache-2.0 AND MIT",
      "optional": true,
      "os": [
        "win32"
      ],
      "engines": {
        "node": ">=10"
      }
    },
    "node_modules/@swc/core-win32-x64-msvc": {
      "version": "1.7.39",
      "resolved": "https://registry.npmjs.org/@swc/core-win32-x64-msvc/-/core-win32-x64-msvc-1.7.39.tgz",
      "integrity": "sha512-o+5IMqgOtj9+BEOp16atTfBgCogVak9svhBpwsbcJQp67bQbxGYhAPPDW/hZ2rpSSF7UdzbY9wudoX9G4trcuQ==",
      "cpu": [
        "x64"
      ],
      "license": "Apache-2.0 AND MIT",
      "optional": true,
      "os": [
        "win32"
      ],
      "engines": {
        "node": ">=10"
      }
    },
    "node_modules/@swc/counter": {
      "version": "0.1.3",
      "resolved": "https://registry.npmjs.org/@swc/counter/-/counter-0.1.3.tgz",
      "integrity": "sha512-e2BR4lsJkkRlKZ/qCHPw9ZaSxc0MVUd7gtbtaB7aMvHeJVYe8sOB8DBZkP2DtISHGSku9sCK6T6cnY0CtXrOCQ==",
      "license": "Apache-2.0"
    },
    "node_modules/@swc/types": {
      "version": "0.1.13",
      "resolved": "https://registry.npmjs.org/@swc/types/-/types-0.1.13.tgz",
      "integrity": "sha512-JL7eeCk6zWCbiYQg2xQSdLXQJl8Qoc9rXmG2cEKvHe3CKwMHwHGpfOb8frzNLmbycOo6I51qxnLnn9ESf4I20Q==",
      "license": "Apache-2.0",
      "dependencies": {
        "@swc/counter": "^0.1.3"
      }
    },
    "node_modules/@types/node": {
      "version": "22.7.9",
      "resolved": "https://registry.npmjs.org/@types/node/-/node-22.7.9.tgz",
      "integrity": "sha512-jrTfRC7FM6nChvU7X2KqcrgquofrWLFDeYC1hKfwNWomVvrn7JIksqf344WN2X/y8xrgqBd2dJATZV4GbatBfg==",
      "license": "MIT",
      "dependencies": {
        "undici-types": "~6.19.2"
      }
    },
    "node_modules/dotenv": {
      "version": "16.4.5",
      "resolved": "https://registry.npmjs.org/dotenv/-/dotenv-16.4.5.tgz",
      "integrity": "sha512-ZmdL2rui+eB2YwhsWzjInR8LldtZHGDoQ1ugH85ppHKwpUHL7j7rN0Ti9NCnGiQbhaZ11FpR+7ao1dNsmduNUg==",
      "license": "BSD-2-Clause",
      "engines": {
        "node": ">=12"
      },
      "funding": {
        "url": "https://dotenvx.com"
      }
    },
    "node_modules/typescript": {
      "version": "5.6.3",
      "resolved": "https://registry.npmjs.org/typescript/-/typescript-5.6.3.tgz",
      "integrity": "sha512-hjcS1mhfuyi4WW8IWtjP7brDrG2cuDZukyrYrSauoXGNgx0S7zceP07adYkJycEr56BOUTNPzbInooiN3fn1qw==",
      "dev": true,
      "license": "Apache-2.0",
      "bin": {
        "tsc": "bin/tsc",
        "tsserver": "bin/tsserver"
      },
      "engines": {
        "node": ">=14.17"
      }
    },
    "node_modules/undici-types": {
      "version": "6.19.8",
      "resolved": "https://registry.npmjs.org/undici-types/-/undici-types-6.19.8.tgz",
      "integrity": "sha512-ve2KP6f/JnbPBFyobGHuerC9g1FYGn/F8n1LWTwNxCEzd6IfqTwUQcNXgEtmmQ6DlRrC1hrSrBnCZPokRrDHjw==",
      "license": "MIT"
    }
  },
  "dependencies": {
    "@swc/core": {
      "version": "1.7.39",
      "resolved": "https://registry.npmjs.org/@swc/core/-/core-1.7.39.tgz",
      "integrity": "sha512-jns6VFeOT49uoTKLWIEfiQqJAlyqldNAt80kAr8f7a5YjX0zgnG3RBiLMpksx4Ka4SlK4O6TJ/lumIM3Trp82g==",
      "requires": {
        "@swc/core-darwin-arm64": "1.7.39",
        "@swc/core-darwin-x64": "1.7.39",
        "@swc/core-linux-arm-gnueabihf": "1.7.39",
        "@swc/core-linux-arm64-gnu": "1.7.39",
        "@swc/core-linux-arm64-musl": "1.7.39",
        "@swc/core-linux-x64-gnu": "1.7.39",
        "@swc/core-linux-x64-musl": "1.7.39",
        "@swc/core-win32-arm64-msvc": "1.7.39",
        "@swc/core-win32-ia32-msvc": "1.7.39",
        "@swc/core-win32-x64-msvc": "1.7.39",
        "@swc/counter": "^0.1.3",
        "@swc/types": "^0.1.13"
      }
    },
    "@swc/core-darwin-arm64": {
      "version": "1.7.39",
      "resolved": "https://registry.npmjs.org/@swc/core-darwin-arm64/-/core-darwin-arm64-1.7.39.tgz",
      "integrity": "sha512-o2nbEL6scMBMCTvY9OnbyVXtepLuNbdblV9oNJEFia5v5eGj9WMrnRQiylH3Wp/G2NYkW7V1/ZVW+kfvIeYe9A==",
      "optional": true
    },
    "@swc/core-darwin-x64": {
      "version": "1.7.39",
      "resolved": "https://registry.npmjs.org/@swc/core-darwin-x64/-/core-darwin-x64-1.7.39.tgz",
      "integrity": "sha512-qMlv3XPgtPi/Fe11VhiPDHSLiYYk2dFYl747oGsHZPq+6tIdDQjIhijXPcsUHIXYDyG7lNpODPL8cP/X1sc9MA==",
      "optional": true
    },
    "@swc/core-linux-arm-gnueabihf": {
      "version": "1.7.39",
      "resolved": "https://registry.npmjs.org/@swc/core-linux-arm-gnueabihf/-/core-linux-arm-gnueabihf-1.7.39.tgz",
      "integrity": "sha512-NP+JIkBs1ZKnpa3Lk2W1kBJMwHfNOxCUJXuTa2ckjFsuZ8OUu2gwdeLFkTHbR43dxGwH5UzSmuGocXeMowra/Q==",
      "optional": true
    },
    "@swc/core-linux-arm64-gnu": {
      "version": "1.7.39",
      "resolved": "https://registry.npmjs.org/@swc/core-linux-arm64-gnu/-/core-linux-arm64-gnu-1.7.39.tgz",
      "integrity": "sha512-cPc+/HehyHyHcvAsk3ML/9wYcpWVIWax3YBaA+ScecJpSE04l/oBHPfdqKUPslqZ+Gcw0OWnIBGJT/fBZW2ayw==",
      "optional": true
    },
    "@swc/core-linux-arm64-musl": {
      "version": "1.7.39",
      "resolved": "https://registry.npmjs.org/@swc/core-linux-arm64-musl/-/core-linux-arm64-musl-1.7.39.tgz",
      "integrity": "sha512-8RxgBC6ubFem66bk9XJ0vclu3exJ6eD7x7CwDhp5AD/tulZslTYXM7oNPjEtje3xxabXuj/bEUMNvHZhQRFdqA==",
      "optional": true
    },
    "@swc/core-linux-x64-gnu": {
      "version": "1.7.39",
      "resolved": "https://registry.npmjs.org/@swc/core-linux-x64-gnu/-/core-linux-x64-gnu-1.7.39.tgz",
      "integrity": "sha512-3gtCPEJuXLQEolo9xsXtuPDocmXQx12vewEyFFSMSjOfakuPOBmOQMa0sVL8Wwius8C1eZVeD1fgk0omMqeC+Q==",
      "optional": true
    },
    "@swc/core-linux-x64-musl": {
      "version": "1.7.39",
      "resolved": "https://registry.npmjs.org/@swc/core-linux-x64-musl/-/core-linux-x64-musl-1.7.39.tgz",
      "integrity": "sha512-mg39pW5x/eqqpZDdtjZJxrUvQNSvJF4O8wCl37fbuFUqOtXs4TxsjZ0aolt876HXxxhsQl7rS+N4KioEMSgTZw==",
      "optional": true
    },
    "@swc/core-win32-arm64-msvc": {
      "version": "1.7.39",
      "resolved": "https://registry.npmjs.org/@swc/core-win32-arm64-msvc/-/core-win32-arm64-msvc-1.7.39.tgz",
      "integrity": "sha512-NZwuS0mNJowH3e9bMttr7B1fB8bW5svW/yyySigv9qmV5VcQRNz1kMlCvrCLYRsa93JnARuiaBI6FazSeG8mpA==",
      "optional": true
    },
    "@swc/core-win32-ia32-msvc": {
      "version": "1.7.39",
      "resolved": "https://registry.npmjs.org/@swc/core-win32-ia32-msvc/-/core-win32-ia32-msvc-1.7.39.tgz",
      "integrity": "sha512-qFmvv5UExbJPXhhvCVDBnjK5Duqxr048dlVB6ZCgGzbRxuarOlawCzzLK4N172230pzlAWGLgn9CWl3+N6zfHA==",
      "optional": true
    },
    "@swc/core-win32-x64-msvc": {
      "version": "1.7.39",
      "resolved": "https://registry.npmjs.org/@swc/core-win32-x64-msvc/-/core-win32-x64-msvc-1.7.39.tgz",
      "integrity": "sha512-o+5IMqgOtj9+BEOp16atTfBgCogVak9svhBpwsbcJQp67bQbxGYhAPPDW/hZ2rpSSF7UdzbY9wudoX9G4trcuQ==",
      "optional": true
    },
    "@swc/counter": {
      "version": "0.1.3",
      "resolved": "https://registry.npmjs.org/@swc/counter/-/counter-0.1.3.tgz",
      "integrity": "sha512-e2BR4lsJkkRlKZ/qCHPw9ZaSxc0MVUd7gtbtaB7aMvHeJVYe8sOB8DBZkP2DtISHGSku9sCK6T6cnY0CtXrOCQ=="
    },
    "@swc/types": {
      "version": "0.1.13",
      "resolved": "https://registry.npmjs.org/@swc/types/-/types-0.1.13.tgz",
      "integrity": "sha512-JL7eeCk6zWCbiYQg2xQSdLXQJl8Qoc9rXmG2cEKvHe3CKwMHwHGpfOb8frzNLmbycOo6I51qxnLnn9ESf4I20Q==",
      "requires": {
        "@swc/counter": "^0.1.3"
      }
    },
    "@types/node": {
      "version": "22.7.9",
      "resolved": "https://registry.npmjs.org/@types/node/-/node-22.7.9.tgz",
      "integrity": "sha512-jrTfRC7FM6nChvU7X2KqcrgquofrWLFDeYC1hKfwNWomVvrn7JIksqf344WN2X/y8xrgqBd2dJATZV4GbatBfg==",
      "requires": {
        "undici-types": "~6.19.2"
      }
    },
    "dotenv": {
      "version": "16.4.5",
      "resolved": "https://registry.npmjs.org/dotenv/-/dotenv-16.4.5.tgz",
      "integrity": "sha512-ZmdL2rui+eB2YwhsWzjInR8LldtZHGDoQ1ugH85ppHKwpUHL7j7rN0Ti9NCnGiQbhaZ11FpR+7ao1dNsmduNUg=="
    },
    "typescript": {
      "version": "5.6.3",
      "resolved": "https://registry.npmjs.org/typescript/-/typescript-5.6.3.tgz",
      "integrity": "sha512-hjcS1mhfuyi4WW8IWtjP7brDrG2cuDZukyrYrSauoXGNgx0S7zceP07adYkJycEr56BOUTNPzbInooiN3fn1qw==",
      "dev": true
    },
    "undici-types": {
      "version": "6.19.8",
      "resolved": "https://registry.npmjs.org/undici-types/-/undici-types-6.19.8.tgz",
      "integrity": "sha512-ve2KP6f/JnbPBFyobGHuerC9g1FYGn/F8n1LWTwNxCEzd6IfqTwUQcNXgEtmmQ6DlRrC1hrSrBnCZPokRrDHjw=="
    }
  }
}
